
Microsoft Visual Studio Solution File, Format Version 12.00
# Visual Studio Version 16
VisualStudioVersion = 16.0.29201.188
MinimumVisualStudioVersion = 10.0.40219.1
Project("{FAE04EC0-301F-11D3-BF4B-00C04F79EFBC}") = "GHoras.Aplicativo.Android", "GHoras.Aplicativo.Android\GHoras.Aplicativo.Android.csproj", "{81C157B6-E774-4D4B-848E-453CBA0D2A8C}"
EndProject
Project("{FAE04EC0-301F-11D3-BF4B-00C04F79EFBC}") = "GHoras.Aplicativo", "GHoras.Aplicativo\GHoras.Aplicativo.csproj", "{61E14127-D523-4A2B-8E79-8AF539F57206}"
EndProject
Global
	GlobalSection(SolutionConfigurationPlatforms) = preSolution
		Debug|Any CPU = Debug|Any CPU
		Release|Any CPU = Release|Any CPU
	EndGlobalSection
	GlobalSection(ProjectConfigurationPlatforms) = postSolution
		{81C157B6-E774-4D4B-848E-453CBA0D2A8C}.Debug|Any CPU.ActiveCfg = Debug|Any CPU
		{81C157B6-E774-4D4B-848E-453CBA0D2A8C}.Debug|Any CPU.Build.0 = Debug|Any CPU
		{81C157B6-E774-4D4B-848E-453CBA0D2A8C}.Debug|Any CPU.Deploy.0 = Debug|Any CPU
		{81C157B6-E774-4D4B-848E-453CBA0D2A8C}.Release|Any CPU.ActiveCfg = Release|Any CPU
		{81C157B6-E774-4D4B-848E-453CBA0D2A8C}.Release|Any CPU.Build.0 = Release|Any CPU
		{81C157B6-E774-4D4B-848E-453CBA0D2A8C}.Release|Any CPU.Deploy.0 = Release|Any CPU
		{61E14127-D523-4A2B-8E79-8AF539F57206}.Debug|Any CPU.ActiveCfg = Debug|Any CPU
		{61E14127-D523-4A2B-8E79-8AF539F57206}.Debug|Any CPU.Build.0 = Debug|Any CPU
		{61E14127-D523-4A2B-8E79-8AF539F57206}.Debug|Any CPU.Deploy.0 = Debug|Any CPU
		{61E14127-D523-4A2B-8E79-8AF539F57206}.Release|Any CPU.ActiveCfg = Release|Any CPU
		{61E14127-D523-4A2B-8E79-8AF539F57206}.Release|Any CPU.Build.0 = Release|Any CPU
		{61E14127-D523-4A2B-8E79-8AF539F57206}.Release|Any CPU.Deploy.0 = Release|Any CPU
	EndGlobalSection
	GlobalSection(SolutionProperties) = preSolution
		HideSolutionNode = FALSE
	EndGlobalSection
	GlobalSection(ExtensibilityGlobals) = postSolution
		SolutionGuid = {6E8A0725-89C6-4D29-93D9-C343C565315C}
	EndGlobalSection
EndGlobal
